
Microsoft Visual Studio Solution File, Format Version 12.00
# Visual Studio for Mac
Project("{FAE04EC0-301F-11D3-BF4B-00C04F79EFBC}") = "Jail Break", "Jail Break.csproj", "{FAFE6275-FCE3-8174-FB91-00578F586240}"
EndProject
Global
	GlobalSection(SolutionConfigurationPlatforms) = preSolution
		Debug|Any CPU = Debug|Any CPU
		Release|Any CPU = Release|Any CPU
	EndGlobalSection
	GlobalSection(ProjectConfigurationPlatforms) = postSolution
		{FAFE6275-FCE3-8174-FB91-00578F586240}.Debug|Any CPU.ActiveCfg = Debug|Any CPU
		{FAFE6275-FCE3-8174-FB91-00578F586240}.Debug|Any CPU.Build.0 = Debug|Any CPU
		{FAFE6275-FCE3-8174-FB91-00578F586240}.Release|Any CPU.ActiveCfg = Release|Any CPU
		{FAFE6275-FCE3-8174-FB91-00578F586240}.Release|Any CPU.Build.0 = Release|Any CPU
	EndGlobalSection
	GlobalSection(SolutionProperties) = preSolution
		HideSolutionNode = FALSE
	EndGlobalSection
EndGlobal
